
Microsoft Visual Studio Solution File, Format Version 12.00
# Visual Studio Version 16
VisualStudioVersion = 16.0.29326.143
MinimumVisualStudioVersion = 10.0.40219.1
Project("{FAE04EC0-301F-11D3-BF4B-00C04F79EFBC}") = "MyGameEngine", "MyGameEngine.csproj", "{49341C47-1351-456E-9C6A-5CC5C8867D83}"
EndProject
Global
	GlobalSection(SolutionConfigurationPlatforms) = preSolution
		Debug|Any CPU = Debug|Any CPU
		Release|Any CPU = Release|Any CPU
	EndGlobalSection
	GlobalSection(ProjectConfigurationPlatforms) = postSolution
		{49341C47-1351-456E-9C6A-5CC5C8867D83}.Debug|Any CPU.ActiveCfg = Debug|Any CPU
		{49341C47-1351-456E-9C6A-5CC5C8867D83}.Debug|Any CPU.Build.0 = Debug|Any CPU
		{49341C47-1351-456E-9C6A-5CC5C8867D83}.Release|Any CPU.ActiveCfg = Release|Any CPU
		{49341C47-1351-456E-9C6A-5CC5C8867D83}.Release|Any CPU.Build.0 = Release|Any CPU
	EndGlobalSection
	GlobalSection(SolutionProperties) = preSolution
		HideSolutionNode = FALSE
	EndGlobalSection
	GlobalSection(ExtensibilityGlobals) = postSolution
		SolutionGuid = {F2AC0E03-C78C-42C1-9715-C1330300EE4B}
	EndGlobalSection
EndGlobal
